
Microsoft Visual Studio Solution File, Format Version 12.00
# Visual Studio Version 17
VisualStudioVersion = 17.6.33801.468
MinimumVisualStudioVersion = 10.0.40219.1
Project("{9A19103F-16F7-4668-BE54-9A1E7A4F7556}") = "ContactDatabase.Server", "ContactDatabase\Server\ContactDatabase.Server.csproj", "{B93022F3-0A51-45A8-8C4C-468ADCD4114D}"
EndProject
Project("{9A19103F-16F7-4668-BE54-9A1E7A4F7556}") = "ContactDatabase.Client", "ContactDatabase\Client\ContactDatabase.Client.csproj", "{CE12D603-F0BE-4C11-AF70-9C90C399BE0F}"
EndProject
Project("{9A19103F-16F7-4668-BE54-9A1E7A4F7556}") = "ContactDatabase.Shared", "ContactDatabase\Shared\ContactDatabase.Shared.csproj", "{9D17443F-9096-46AB-A380-8015B1D84B50}"
EndProject
Global
	GlobalSection(SolutionConfigurationPlatforms) = preSolution
		Debug|Any CPU = Debug|Any CPU
		Release|Any CPU = Release|Any CPU
	EndGlobalSection
	GlobalSection(ProjectConfigurationPlatforms) = postSolution
		{B93022F3-0A51-45A8-8C4C-468ADCD4114D}.Debug|Any CPU.ActiveCfg = Debug|Any CPU
		{B93022F3-0A51-45A8-8C4C-468ADCD4114D}.Debug|Any CPU.Build.0 = Debug|Any CPU
		{B93022F3-0A51-45A8-8C4C-468ADCD4114D}.Release|Any CPU.ActiveCfg = Release|Any CPU
		{B93022F3-0A51-45A8-8C4C-468ADCD4114D}.Release|Any CPU.Build.0 = Release|Any CPU
		{CE12D603-F0BE-4C11-AF70-9C90C399BE0F}.Debug|Any CPU.ActiveCfg = Debug|Any CPU
		{CE12D603-F0BE-4C11-AF70-9C90C399BE0F}.Debug|Any CPU.Build.0 = Debug|Any CPU
		{CE12D603-F0BE-4C11-AF70-9C90C399BE0F}.Release|Any CPU.ActiveCfg = Release|Any CPU
		{CE12D603-F0BE-4C11-AF70-9C90C399BE0F}.Release|Any CPU.Build.0 = Release|Any CPU
		{9D17443F-9096-46AB-A380-8015B1D84B50}.Debug|Any CPU.ActiveCfg = Debug|Any CPU
		{9D17443F-9096-46AB-A380-8015B1D84B50}.Debug|Any CPU.Build.0 = Debug|Any CPU
		{9D17443F-9096-46AB-A380-8015B1D84B50}.Release|Any CPU.ActiveCfg = Release|Any CPU
		{9D17443F-9096-46AB-A380-8015B1D84B50}.Release|Any CPU.Build.0 = Release|Any CPU
	EndGlobalSection
	GlobalSection(SolutionProperties) = preSolution
		HideSolutionNode = FALSE
	EndGlobalSection
	GlobalSection(ExtensibilityGlobals) = postSolution
		SolutionGuid = {84314EE8-043A-4FB6-83EF-3FBA1D62C589}
	EndGlobalSection
EndGlobal
